lockfileVersion: '9.0'

settings:
  autoInstallPeers: true
  excludeLinksFromLockfile: false

importers:

  .:
    dependencies:
      '@fal-ai/client':
        specifier: ^1.2.0
        version: 1.10.1

packages:

  '@fal-ai/client@1.10.1':
    resolution: {integrity: sha512-c3AVeH31OioiI2J1BfW8Cryi1DhUYldnY3X35nv6xLMq3fU2NQOo+eYaR5mL2O8MoHHh+HzXdQuIyanIyeq+ug==}
    engines: {node: '>=18.0.0'}

  '@msgpack/msgpack@3.1.3':
    resolution: {integrity: sha512-47XIizs9XZXvuJgoaJUIE2lFoID8ugvc0jzSHP+Ptfk8nTbnR8g788wv48N03Kx0UkAv559HWRQ3yzOgzlRNUA==}
    engines: {node: '>= 18'}

  eventsource-parser@1.1.2:
    resolution: {integrity: sha512-v0eOBUbiaFojBu2s2NPBfYUoRR9GjcDNvCXVaqEf5vVfpIAh9f8RCo4vXTP8c63QRKCFwoLpMpTdPwwhEKVgzA==}
    engines: {node: '>=14.18'}

  robot3@0.4.1:
    resolution: {integrity: sha512-hzjy826lrxzx8eRgv80idkf8ua1JAepRc9Efdtj03N3KNJuznQCPlyCJ7gnUmDFwZCLQjxy567mQVKmdv2BsXQ==}

snapshots:

  '@fal-ai/client@1.10.1':
    dependencies:
      '@msgpack/msgpack': 3.1.3
      eventsource-parser: 1.1.2
      robot3: 0.4.1

  '@msgpack/msgpack@3.1.3': {}

  eventsource-parser@1.1.2: {}

  robot3@0.4.1: {}
